
Microsoft Visual Studio Solution File, Format Version 12.00
# Visual Studio Version 17
VisualStudioVersion = 17.14.36301.6 d17.14
MinimumVisualStudioVersion = 10.0.40219.1
Project("{FAE04EC0-301F-11D3-BF4B-00C04F79EFBC}") = "1. Two Sum", "1. Two Sum.csproj", "{CBC6A484-862E-49B7-B13F-93E57180B829}"
EndProject
Global
	GlobalSection(SolutionConfigurationPlatforms) = preSolution
		Debug|Any CPU = Debug|Any CPU
		Release|Any CPU = Release|Any CPU
	EndGlobalSection
	GlobalSection(ProjectConfigurationPlatforms) = postSolution
		{CBC6A484-862E-49B7-B13F-93E57180B829}.Debug|Any CPU.ActiveCfg = Debug|Any CPU
		{CBC6A484-862E-49B7-B13F-93E57180B829}.Debug|Any CPU.Build.0 = Debug|Any CPU
		{CBC6A484-862E-49B7-B13F-93E57180B829}.Release|Any CPU.ActiveCfg = Release|Any CPU
		{CBC6A484-862E-49B7-B13F-93E57180B829}.Release|Any CPU.Build.0 = Release|Any CPU
	EndGlobalSection
	GlobalSection(SolutionProperties) = preSolution
		HideSolutionNode = FALSE
	EndGlobalSection
	GlobalSection(ExtensibilityGlobals) = postSolution
		SolutionGuid = {CFFD318D-7A22-4063-BB15-B49256A27707}
	EndGlobalSection
EndGlobal
