
Microsoft Visual Studio Solution File, Format Version 12.00
# Visual Studio Version 17
VisualStudioVersion = 17.14.36408.4
MinimumVisualStudioVersion = 10.0.40219.1
Project("{FAE04EC0-301F-11D3-BF4B-00C04F79EFBC}") = "Test All Projects", "Test All Project\Test All Projects.csproj", "{70EBA15A-EEBE-4B2B-A14C-39B20AEF365A}"
EndProject
Project("{FAE04EC0-301F-11D3-BF4B-00C04F79EFBC}") = "01 Simple Multiplication", "01 Simple Multiplication\01 Simple Multiplication.csproj", "{CE1B6421-C7F0-4706-AC91-A81744A488F9}"
EndProject
Project("{FAE04EC0-301F-11D3-BF4B-00C04F79EFBC}") = "04 Even Or Odd", "04 Even Or Odd\04 Even Or Odd.csproj", "{C87A646C-4B9C-4965-9CC5-0C5EC2F5543E}"
EndProject
Project("{FAE04EC0-301F-11D3-BF4B-00C04F79EFBC}") = "03 Is N Divisible By X And Y", "03 Is N Divisible By X And Y\03 Is N Divisible By X And Y.csproj", "{3F73DD0C-E319-4134-9246-E611480F83F2}"
EndProject
Project("{FAE04EC0-301F-11D3-BF4B-00C04F79EFBC}") = "02 Century From Year", "02 Century From Year\02 Century From Year.csproj", "{1064B7B4-9C19-4F57-9294-2857415B754E}"
EndProject
Project("{FAE04EC0-301F-11D3-BF4B-00C04F79EFBC}") = "05 Reversed Strings", "05 Reversed Strings\05 Reversed Strings.csproj", "{24613726-813A-4C13-871B-89F1ECB55FA6}"
EndProject
Project("{FAE04EC0-301F-11D3-BF4B-00C04F79EFBC}") = "06 Convert a Boolean to a String", "06 Convert a Boolean to a String\06 Convert a Boolean to a String.csproj", "{1F31C7DA-4C46-4A82-9729-B424BF73DA9B}"
EndProject
Project("{FAE04EC0-301F-11D3-BF4B-00C04F79EFBC}") = "07 Price of Mangoes", "07 Price of Mangoes\07 Price of Mangoes.csproj", "{D0554589-577A-4C8E-829C-5719AE6B0A6A}"
EndProject
Project("{FAE04EC0-301F-11D3-BF4B-00C04F79EFBC}") = "08 Cat years, Dog years", "08 Cat years, Dog years\08 Cat years, Dog years.csproj", "{1FD46A9B-57EB-446B-B4F7-46E72056783D}"
EndProject
Project("{FAE04EC0-301F-11D3-BF4B-00C04F79EFBC}") = "09 Invert Values", "09 Invert Values\09 Invert Values.csproj", "{3EF74097-D9D4-466E-A1F8-0656637EAE84}"
EndProject
Project("{FAE04EC0-301F-11D3-BF4B-00C04F79EFBC}") = "10 Remove exclamation marks", "10 Remove exclamation marks\10 Remove exclamation marks.csproj", "{24F9E17B-A429-442E-B531-CA5E5D52FA2C}"
EndProject
Project("{FAE04EC0-301F-11D3-BF4B-00C04F79EFBC}") = "11 Find Maximum and Minimum Values of a List", "11 Find Maximum and Minimum Values of a List\11 Find Maximum and Minimum Values of a List.csproj", "{0D612ADA-F051-4A08-8B8F-2E50D78E1C65}"
EndProject
Project("{FAE04EC0-301F-11D3-BF4B-00C04F79EFBC}") = "12 Multiply", "12 Multiply\12 Multiply.csproj", "{DA476505-D36F-4B85-A933-B845324BF010}"
EndProject
Project("{FAE04EC0-301F-11D3-BF4B-00C04F79EFBC}") = "13 Keep Hydrated", "13 Keep Hydrated\13 Keep Hydrated.csproj", "{F7568C6D-B5DB-4A69-B55F-1DDD9C7114D2}"
EndProject
Project("{FAE04EC0-301F-11D3-BF4B-00C04F79EFBC}") = "14 Beginner Reduce but Grow", "14 Beginner Reduce but Grow\14 Beginner Reduce but Grow.csproj", "{2E2B017F-336D-43F6-9D5C-5CB750B47364}"
EndProject
Project("{FAE04EC0-301F-11D3-BF4B-00C04F79EFBC}") = "15 Convert a String to a Number!", "15 Convert a String to a Number!\15 Convert a String to a Number!.csproj", "{E23B62BA-9537-43CE-B2EF-7AEC00B74974}"
EndProject
Project("{FAE04EC0-301F-11D3-BF4B-00C04F79EFBC}") = "16 Remove First and Last Character", "16 Remove First and Last Character\16 Remove First and Last Character.csproj", "{8E8AD0DD-A3CB-4298-A873-141E7202DD94}"
EndProject
Project("{FAE04EC0-301F-11D3-BF4B-00C04F79EFBC}") = "17 All Star Code Challenge", "17 All Star Code Challenge\17 All Star Code Challenge.csproj", "{727D50B9-DA22-4043-A77F-174E888C2133}"
EndProject
Global
	GlobalSection(SolutionConfigurationPlatforms) = preSolution
		Debug|Any CPU = Debug|Any CPU
		Release|Any CPU = Release|Any CPU
	EndGlobalSection
	GlobalSection(ProjectConfigurationPlatforms) = postSolution
		{70EBA15A-EEBE-4B2B-A14C-39B20AEF365A}.Debug|Any CPU.ActiveCfg = Debug|Any CPU
		{70EBA15A-EEBE-4B2B-A14C-39B20AEF365A}.Debug|Any CPU.Build.0 = Debug|Any CPU
		{70EBA15A-EEBE-4B2B-A14C-39B20AEF365A}.Release|Any CPU.ActiveCfg = Release|Any CPU
		{70EBA15A-EEBE-4B2B-A14C-39B20AEF365A}.Release|Any CPU.Build.0 = Release|Any CPU
		{CE1B6421-C7F0-4706-AC91-A81744A488F9}.Debug|Any CPU.ActiveCfg = Debug|Any CPU
		{CE1B6421-C7F0-4706-AC91-A81744A488F9}.Debug|Any CPU.Build.0 = Debug|Any CPU
		{CE1B6421-C7F0-4706-AC91-A81744A488F9}.Release|Any CPU.ActiveCfg = Release|Any CPU
		{CE1B6421-C7F0-4706-AC91-A81744A488F9}.Release|Any CPU.Build.0 = Release|Any CPU
		{C87A646C-4B9C-4965-9CC5-0C5EC2F5543E}.Debug|Any CPU.ActiveCfg = Debug|Any CPU
		{C87A646C-4B9C-4965-9CC5-0C5EC2F5543E}.Debug|Any CPU.Build.0 = Debug|Any CPU
		{C87A646C-4B9C-4965-9CC5-0C5EC2F5543E}.Release|Any CPU.ActiveCfg = Release|Any CPU
		{C87A646C-4B9C-4965-9CC5-0C5EC2F5543E}.Release|Any CPU.Build.0 = Release|Any CPU
		{3F73DD0C-E319-4134-9246-E611480F83F2}.Debug|Any CPU.ActiveCfg = Debug|Any CPU
		{3F73DD0C-E319-4134-9246-E611480F83F2}.Debug|Any CPU.Build.0 = Debug|Any CPU
		{3F73DD0C-E319-4134-9246-E611480F83F2}.Release|Any CPU.ActiveCfg = Release|Any CPU
		{3F73DD0C-E319-4134-9246-E611480F83F2}.Release|Any CPU.Build.0 = Release|Any CPU
		{1064B7B4-9C19-4F57-9294-2857415B754E}.Debug|Any CPU.ActiveCfg = Debug|Any CPU
		{1064B7B4-9C19-4F57-9294-2857415B754E}.Debug|Any CPU.Build.0 = Debug|Any CPU
		{1064B7B4-9C19-4F57-9294-2857415B754E}.Release|Any CPU.ActiveCfg = Release|Any CPU
		{1064B7B4-9C19-4F57-9294-2857415B754E}.Release|Any CPU.Build.0 = Release|Any CPU
		{24613726-813A-4C13-871B-89F1ECB55FA6}.Debug|Any CPU.ActiveCfg = Debug|Any CPU
		{24613726-813A-4C13-871B-89F1ECB55FA6}.Debug|Any CPU.Build.0 = Debug|Any CPU
		{24613726-813A-4C13-871B-89F1ECB55FA6}.Release|Any CPU.ActiveCfg = Release|Any CPU
		{24613726-813A-4C13-871B-89F1ECB55FA6}.Release|Any CPU.Build.0 = Release|Any CPU
		{1F31C7DA-4C46-4A82-9729-B424BF73DA9B}.Debug|Any CPU.ActiveCfg = Debug|Any CPU
		{1F31C7DA-4C46-4A82-9729-B424BF73DA9B}.Debug|Any CPU.Build.0 = Debug|Any CPU
		{1F31C7DA-4C46-4A82-9729-B424BF73DA9B}.Release|Any CPU.ActiveCfg = Release|Any CPU
		{1F31C7DA-4C46-4A82-9729-B424BF73DA9B}.Release|Any CPU.Build.0 = Release|Any CPU
		{D0554589-577A-4C8E-829C-5719AE6B0A6A}.Debug|Any CPU.ActiveCfg = Debug|Any CPU
		{D0554589-577A-4C8E-829C-5719AE6B0A6A}.Debug|Any CPU.Build.0 = Debug|Any CPU
		{D0554589-577A-4C8E-829C-5719AE6B0A6A}.Release|Any CPU.ActiveCfg = Release|Any CPU
		{D0554589-577A-4C8E-829C-5719AE6B0A6A}.Release|Any CPU.Build.0 = Release|Any CPU
		{1FD46A9B-57EB-446B-B4F7-46E72056783D}.Debug|Any CPU.ActiveCfg = Debug|Any CPU
		{1FD46A9B-57EB-446B-B4F7-46E72056783D}.Debug|Any CPU.Build.0 = Debug|Any CPU
		{1FD46A9B-57EB-446B-B4F7-46E72056783D}.Release|Any CPU.ActiveCfg = Release|Any CPU
		{1FD46A9B-57EB-446B-B4F7-46E72056783D}.Release|Any CPU.Build.0 = Release|Any CPU
		{3EF74097-D9D4-466E-A1F8-0656637EAE84}.Debug|Any CPU.ActiveCfg = Debug|Any CPU
		{3EF74097-D9D4-466E-A1F8-0656637EAE84}.Debug|Any CPU.Build.0 = Debug|Any CPU
		{3EF74097-D9D4-466E-A1F8-0656637EAE84}.Release|Any CPU.ActiveCfg = Release|Any CPU
		{3EF74097-D9D4-466E-A1F8-0656637EAE84}.Release|Any CPU.Build.0 = Release|Any CPU
		{24F9E17B-A429-442E-B531-CA5E5D52FA2C}.Debug|Any CPU.ActiveCfg = Debug|Any CPU
		{24F9E17B-A429-442E-B531-CA5E5D52FA2C}.Debug|Any CPU.Build.0 = Debug|Any CPU
		{24F9E17B-A429-442E-B531-CA5E5D52FA2C}.Release|Any CPU.ActiveCfg = Release|Any CPU
		{24F9E17B-A429-442E-B531-CA5E5D52FA2C}.Release|Any CPU.Build.0 = Release|Any CPU
		{0D612ADA-F051-4A08-8B8F-2E50D78E1C65}.Debug|Any CPU.ActiveCfg = Debug|Any CPU
		{0D612ADA-F051-4A08-8B8F-2E50D78E1C65}.Debug|Any CPU.Build.0 = Debug|Any CPU
		{0D612ADA-F051-4A08-8B8F-2E50D78E1C65}.Release|Any CPU.ActiveCfg = Release|Any CPU
		{0D612ADA-F051-4A08-8B8F-2E50D78E1C65}.Release|Any CPU.Build.0 = Release|Any CPU
		{DA476505-D36F-4B85-A933-B845324BF010}.Debug|Any CPU.ActiveCfg = Debug|Any CPU
		{DA476505-D36F-4B85-A933-B845324BF010}.Debug|Any CPU.Build.0 = Debug|Any CPU
		{DA476505-D36F-4B85-A933-B845324BF010}.Release|Any CPU.ActiveCfg = Release|Any CPU
		{DA476505-D36F-4B85-A933-B845324BF010}.Release|Any CPU.Build.0 = Release|Any CPU
		{F7568C6D-B5DB-4A69-B55F-1DDD9C7114D2}.Debug|Any CPU.ActiveCfg = Debug|Any CPU
		{F7568C6D-B5DB-4A69-B55F-1DDD9C7114D2}.Debug|Any CPU.Build.0 = Debug|Any CPU
		{F7568C6D-B5DB-4A69-B55F-1DDD9C7114D2}.Release|Any CPU.ActiveCfg = Release|Any CPU
		{F7568C6D-B5DB-4A69-B55F-1DDD9C7114D2}.Release|Any CPU.Build.0 = Release|Any CPU
		{2E2B017F-336D-43F6-9D5C-5CB750B47364}.Debug|Any CPU.ActiveCfg = Debug|Any CPU
		{2E2B017F-336D-43F6-9D5C-5CB750B47364}.Debug|Any CPU.Build.0 = Debug|Any CPU
		{2E2B017F-336D-43F6-9D5C-5CB750B47364}.Release|Any CPU.ActiveCfg = Release|Any CPU
		{2E2B017F-336D-43F6-9D5C-5CB750B47364}.Release|Any CPU.Build.0 = Release|Any CPU
		{E23B62BA-9537-43CE-B2EF-7AEC00B74974}.Debug|Any CPU.ActiveCfg = Debug|Any CPU
		{E23B62BA-9537-43CE-B2EF-7AEC00B74974}.Debug|Any CPU.Build.0 = Debug|Any CPU
		{E23B62BA-9537-43CE-B2EF-7AEC00B74974}.Release|Any CPU.ActiveCfg = Release|Any CPU
		{E23B62BA-9537-43CE-B2EF-7AEC00B74974}.Release|Any CPU.Build.0 = Release|Any CPU
		{8E8AD0DD-A3CB-4298-A873-141E7202DD94}.Debug|Any CPU.ActiveCfg = Debug|Any CPU
		{8E8AD0DD-A3CB-4298-A873-141E7202DD94}.Debug|Any CPU.Build.0 = Debug|Any CPU
		{8E8AD0DD-A3CB-4298-A873-141E7202DD94}.Release|Any CPU.ActiveCfg = Release|Any CPU
		{8E8AD0DD-A3CB-4298-A873-141E7202DD94}.Release|Any CPU.Build.0 = Release|Any CPU
		{727D50B9-DA22-4043-A77F-174E888C2133}.Debug|Any CPU.ActiveCfg = Debug|Any CPU
		{727D50B9-DA22-4043-A77F-174E888C2133}.Debug|Any CPU.Build.0 = Debug|Any CPU
		{727D50B9-DA22-4043-A77F-174E888C2133}.Release|Any CPU.ActiveCfg = Release|Any CPU
		{727D50B9-DA22-4043-A77F-174E888C2133}.Release|Any CPU.Build.0 = Release|Any CPU
	EndGlobalSection
	GlobalSection(SolutionProperties) = preSolution
		HideSolutionNode = FALSE
	EndGlobalSection
	GlobalSection(ExtensibilityGlobals) = postSolution
		SolutionGuid = {333788BF-5226-4A0C-AE39-207B46CD005F}
	EndGlobalSection
EndGlobal
